{
  "name": "z-bot-v1",
  "version": "1.0.0",
  "description": "Secure WhatsApp Bot",
  "main": "index.js",
  "scripts": {
    "start": "node index.js"
  },
  "dependencies": {
    "@whiskeysockets/baileys": "latest",
    "@hapi/boom": "latest",
    "axios": "latest",
    "express": "latest",
    "pino": "latest",
    "yt-search": "latest",
    "ytdl-core": "latest"
  },
  "engines": {
    "node": ">=18.x"
  }
}

