{
  "name": "z-bot-v1",
  "version": "1.0.0",
  "lockfileVersion": 3,
  "requires": true,
  "packages": {
    "": {
      "name": "z-bot-v1",
      "version": "1.0.0",
      "dependencies": {
        "@whiskeysockets/baileys": "latest",
        "@hapi/boom": "latest",
        "axios": "latest",
        "express": "latest",
        "pino": "latest",
        "yt-search": "latest",
        "ytdl-core": "latest"
      }
    }
  }
}

